
Microsoft Visual Studio Solution File, Format Version 12.00
# Visual Studio 15
VisualStudioVersion = 15.0.27130.2036
MinimumVisualStudioVersion = 10.0.40219.1
Project("{FAE04EC0-301F-11D3-BF4B-00C04F79EFBC}") = "KwhGrapper", "KwhGrapper\KwhGrapper.csproj", "{787DF21B-65D4-481C-A898-5C3CCD44DBE9}"
EndProject
Global
	GlobalSection(SolutionConfigurationPlatforms) = preSolution
		Debug|Any CPU = Debug|Any CPU
		Release|Any CPU = Release|Any CPU
	EndGlobalSection
	GlobalSection(ProjectConfigurationPlatforms) = postSolution
		{787DF21B-65D4-481C-A898-5C3CCD44DBE9}.Debug|Any CPU.ActiveCfg = Debug|Any CPU
		{787DF21B-65D4-481C-A898-5C3CCD44DBE9}.Debug|Any CPU.Build.0 = Debug|Any CPU
		{787DF21B-65D4-481C-A898-5C3CCD44DBE9}.Release|Any CPU.ActiveCfg = Release|Any CPU
		{787DF21B-65D4-481C-A898-5C3CCD44DBE9}.Release|Any CPU.Build.0 = Release|Any CPU
	EndGlobalSection
	GlobalSection(SolutionProperties) = preSolution
		HideSolutionNode = FALSE
	EndGlobalSection
	GlobalSection(ExtensibilityGlobals) = postSolution
		SolutionGuid = {6837DB37-567C-4540-A753-D4CE268EC35E}
	EndGlobalSection
EndGlobal
